
Microsoft Visual Studio Solution File, Format Version 12.00
# Visual Studio 14
VisualStudioVersion = 14.0.25420.1
MinimumVisualStudioVersion = 10.0.40219.1
Project("{2150E333-8FDC-42A3-9474-1A3956D46DE8}") = "src", "src", "{296652E1-15DF-4F88-9403-59E9E7450C93}"
EndProject
Project("{2150E333-8FDC-42A3-9474-1A3956D46DE8}") = "Solution Items", "Solution Items", "{472D2F3F-2469-420A-BBA7-C6A067BBBD33}"
	ProjectSection(SolutionItems) = preProject
		global.json = global.json
	EndProjectSection
EndProject
Project("{8BB2217D-0F2D-49D1-97BC-3654ED321F3B}") = "WebApp", "src\WebApp\WebApp.xproj", "{1135CFDC-5DF6-4707-83B7-E9F9B5B9C106}"
EndProject
Global
	GlobalSection(SolutionConfigurationPlatforms) = preSolution
		Debug|Any CPU = Debug|Any CPU
		Release|Any CPU = Release|Any CPU
	EndGlobalSection
	GlobalSection(ProjectConfigurationPlatforms) = postSolution
		{1135CFDC-5DF6-4707-83B7-E9F9B5B9C106}.Debug|Any CPU.ActiveCfg = Debug|Any CPU
		{1135CFDC-5DF6-4707-83B7-E9F9B5B9C106}.Debug|Any CPU.Build.0 = Debug|Any CPU
		{1135CFDC-5DF6-4707-83B7-E9F9B5B9C106}.Release|Any CPU.ActiveCfg = Release|Any CPU
		{1135CFDC-5DF6-4707-83B7-E9F9B5B9C106}.Release|Any CPU.Build.0 = Release|Any CPU
	EndGlobalSection
	GlobalSection(SolutionProperties) = preSolution
		HideSolutionNode = FALSE
	EndGlobalSection
	GlobalSection(NestedProjects) = preSolution
		{1135CFDC-5DF6-4707-83B7-E9F9B5B9C106} = {296652E1-15DF-4F88-9403-59E9E7450C93}
	EndGlobalSection
EndGlobal
